{
	"name": "cerus",
	"version": "0.0.1",
	"lockfileVersion": 1,
	"requires": true,
	"dependencies": {
		"cerus-core": {
			"version": "0.0.1",
			"resolved": "https://registry.npmjs.org/cerus-core/-/cerus-core-0.0.1.tgz",
			"integrity": "sha512-oVqdThmfAxf7/1pxl9PBJPUuAT73z8EWmBZSA8RXzvVD6pSQ5FnBGjZeds+uPteEPqEdluoGm4RfGlSA1ueUiQ=="
		},
		"cerus-settings": {
			"version": "0.0.3",
			"resolved": "https://registry.npmjs.org/cerus-settings/-/cerus-settings-0.0.3.tgz",
			"integrity": "sha512-vFmrJ76xfbSHR0Adb92JabpTF4TV9toUdL2eCarFgMg+6fuGjiHSTri+v74iF+K/Ck71sN0KrJKott7L7f0YqA=="
		}
	}
}
